
Microsoft Visual Studio Solution File, Format Version 12.00
# Visual Studio Version 17
VisualStudioVersion = 17.12.35707.178 d17.12
MinimumVisualStudioVersion = 10.0.40219.1
Project("{FAE04EC0-301F-11D3-BF4B-00C04F79EFBC}") = "L20250318_UDPClient", "L20250318_UDPClient.csproj", "{C35A2BD7-46D5-4FD8-8AA6-3B813488961E}"
EndProject
Global
	GlobalSection(SolutionConfigurationPlatforms) = preSolution
		Debug|Any CPU = Debug|Any CPU
		Release|Any CPU = Release|Any CPU
	EndGlobalSection
	GlobalSection(ProjectConfigurationPlatforms) = postSolution
		{C35A2BD7-46D5-4FD8-8AA6-3B813488961E}.Debug|Any CPU.ActiveCfg = Debug|Any CPU
		{C35A2BD7-46D5-4FD8-8AA6-3B813488961E}.Debug|Any CPU.Build.0 = Debug|Any CPU
		{C35A2BD7-46D5-4FD8-8AA6-3B813488961E}.Release|Any CPU.ActiveCfg = Release|Any CPU
		{C35A2BD7-46D5-4FD8-8AA6-3B813488961E}.Release|Any CPU.Build.0 = Release|Any CPU
	EndGlobalSection
	GlobalSection(SolutionProperties) = preSolution
		HideSolutionNode = FALSE
	EndGlobalSection
EndGlobal
