
Microsoft Visual Studio Solution File, Format Version 12.00
# Visual Studio Version 17
VisualStudioVersion = 17.12.35707.178 d17.12
MinimumVisualStudioVersion = 10.0.40219.1
Project("{FAE04EC0-301F-11D3-BF4B-00C04F79EFBC}") = "L20250217_02", "L20250217_02.csproj", "{ABCA59E8-0A97-40FB-A243-176CCA92129F}"
EndProject
Global
	GlobalSection(SolutionConfigurationPlatforms) = preSolution
		Debug|Any CPU = Debug|Any CPU
		Release|Any CPU = Release|Any CPU
	EndGlobalSection
	GlobalSection(ProjectConfigurationPlatforms) = postSolution
		{ABCA59E8-0A97-40FB-A243-176CCA92129F}.Debug|Any CPU.ActiveCfg = Debug|Any CPU
		{ABCA59E8-0A97-40FB-A243-176CCA92129F}.Debug|Any CPU.Build.0 = Debug|Any CPU
		{ABCA59E8-0A97-40FB-A243-176CCA92129F}.Release|Any CPU.ActiveCfg = Release|Any CPU
		{ABCA59E8-0A97-40FB-A243-176CCA92129F}.Release|Any CPU.Build.0 = Release|Any CPU
	EndGlobalSection
	GlobalSection(SolutionProperties) = preSolution
		HideSolutionNode = FALSE
	EndGlobalSection
EndGlobal
